
Microsoft Visual Studio Solution File, Format Version 12.00
# Visual Studio 15
VisualStudioVersion = 15.0.26730.3
MinimumVisualStudioVersion = 10.0.40219.1
Project("{9A19103F-16F7-4668-BE54-9A1E7A4F7556}") = "Lib.AspNetCore.ClientHints", "Lib.AspNetCore.ClientHints\Lib.AspNetCore.ClientHints.csproj", "{A934A533-844E-4674-9090-990E0BC35864}"
EndProject
Project("{9A19103F-16F7-4668-BE54-9A1E7A4F7556}") = "Lib.AspNetCore.Mvc.ClientHints", "Lib.AspNetCore.Mvc.ClientHints\Lib.AspNetCore.Mvc.ClientHints.csproj", "{3AAAC9BC-2CA3-4CE9-A3DA-2EA4FA04B517}"
EndProject
Global
	GlobalSection(SolutionConfigurationPlatforms) = preSolution
		Debug|Any CPU = Debug|Any CPU
		Release|Any CPU = Release|Any CPU
	EndGlobalSection
	GlobalSection(ProjectConfigurationPlatforms) = postSolution
		{A934A533-844E-4674-9090-990E0BC35864}.Debug|Any CPU.ActiveCfg = Debug|Any CPU
		{A934A533-844E-4674-9090-990E0BC35864}.Debug|Any CPU.Build.0 = Debug|Any CPU
		{A934A533-844E-4674-9090-990E0BC35864}.Release|Any CPU.ActiveCfg = Release|Any CPU
		{A934A533-844E-4674-9090-990E0BC35864}.Release|Any CPU.Build.0 = Release|Any CPU
		{3AAAC9BC-2CA3-4CE9-A3DA-2EA4FA04B517}.Debug|Any CPU.ActiveCfg = Debug|Any CPU
		{3AAAC9BC-2CA3-4CE9-A3DA-2EA4FA04B517}.Debug|Any CPU.Build.0 = Debug|Any CPU
		{3AAAC9BC-2CA3-4CE9-A3DA-2EA4FA04B517}.Release|Any CPU.ActiveCfg = Release|Any CPU
		{3AAAC9BC-2CA3-4CE9-A3DA-2EA4FA04B517}.Release|Any CPU.Build.0 = Release|Any CPU
	EndGlobalSection
	GlobalSection(SolutionProperties) = preSolution
		HideSolutionNode = FALSE
	EndGlobalSection
	GlobalSection(ExtensibilityGlobals) = postSolution
		SolutionGuid = {2C7F2360-0BA1-4165-BA4B-94991D04CCE4}
	EndGlobalSection
EndGlobal
